// !$*UTF8*$!
{
	archiveVersion = 1;
	classes = {
	};
	objectVersion = 56;
	objects = {

/* Begin PBXBuildFile section */
		9F4018CB29C9EB6200BD78BA /* OnlineShopApp.swift in Sources */ = {isa = PBXBuildFile; fileRef = 9F4018CA29C9EB6200BD78BA /* OnlineShopApp.swift */; };
		9F4018CD29C9EB6200BD78BA /* ContentView.swift in Sources */ = {isa = PBXBuildFile; fileRef = 9F4018CC29C9EB6200BD78BA /* ContentView.swift */; };
		9F4018CF29C9EB6300BD78BA /* Assets.xcassets in Resources */ = {isa = PBXBuildFile; fileRef = 9F4018CE29C9EB6300BD78BA /* Assets.xcassets */; };
		9F4018D229C9EB6300BD78BA /* Preview Assets.xcassets in Resources */ = {isa = PBXBuildFile; fileRef = 9F4018D129C9EB6300BD78BA /* Preview Assets.xcassets */; };
		9F4018DA29C9EBAC00BD78BA /* Montserrat-Regular.ttf in Resources */ = {isa = PBXBuildFile; fileRef = 9F4018D929C9EBAC00BD78BA /* Montserrat-Regular.ttf */; };
		9F4018DD29C9EC5700BD78BA /* UserTextField.swift in Sources */ = {isa = PBXBuildFile; fileRef = 9F4018DC29C9EC5700BD78BA /* UserTextField.swift */; };
		9F4018E329C9F93A00BD78BA /* Montserrat-SemiBold.ttf in Resources */ = {isa = PBXBuildFile; fileRef = 9F4018E229C9F93A00BD78BA /* Montserrat-SemiBold.ttf */; };
		9F77ABA129D1FBE700BAFE8A /* PageOne.swift in Sources */ = {isa = PBXBuildFile; fileRef = 9F77ABA029D1FBE700BAFE8A /* PageOne.swift */; };
		9F77ABA329D2022D00BAFE8A /* ProfileView.swift in Sources */ = {isa = PBXBuildFile; fileRef = 9F77ABA229D2022D00BAFE8A /* ProfileView.swift */; };
		9F77ABA729D2136900BAFE8A /* ProfileButton.swift in Sources */ = {isa = PBXBuildFile; fileRef = 9F77ABA629D2136900BAFE8A /* ProfileButton.swift */; };
		9F77ABAA29D2176C00BAFE8A /* Montserrat-Bold.ttf in Resources */ = {isa = PBXBuildFile; fileRef = 9F77ABA829D2176C00BAFE8A /* Montserrat-Bold.ttf */; };
		9F77ABAB29D2176C00BAFE8A /* Montserrat-Medium.ttf in Resources */ = {isa = PBXBuildFile; fileRef = 9F77ABA929D2176C00BAFE8A /* Montserrat-Medium.ttf */; };
		9F7B131B29D47A970001A0DD /* LatestProduct.swift in Sources */ = {isa = PBXBuildFile; fileRef = 9F7B131A29D47A970001A0DD /* LatestProduct.swift */; };
		9F7B131D29D4987B0001A0DD /* LatestScroll.swift in Sources */ = {isa = PBXBuildFile; fileRef = 9F7B131C29D4987B0001A0DD /* LatestScroll.swift */; };
		9FA26AB529CC9DB40097ABD8 /* SignInPage.swift in Sources */ = {isa = PBXBuildFile; fileRef = 9FA26AB429CC9DB40097ABD8 /* SignInPage.swift */; };
		9FA26AB729CCA0D70097ABD8 /* AuthenticationLabel.swift in Sources */ = {isa = PBXBuildFile; fileRef = 9FA26AB629CCA0D70097ABD8 /* AuthenticationLabel.swift */; };
		9FA26AB929CCA42A0097ABD8 /* WelcomeBackView.swift in Sources */ = {isa = PBXBuildFile; fileRef = 9FA26AB829CCA42A0097ABD8 /* WelcomeBackView.swift */; };
		9FB50D5929D30E6D00B96C74 /* NavigationPageOne.swift in Sources */ = {isa = PBXBuildFile; fileRef = 9FB50D5829D30E6D00B96C74 /* NavigationPageOne.swift */; };
		9FB50D5B29D33A4E00B96C74 /* LatestModel.swift in Sources */ = {isa = PBXBuildFile; fileRef = 9FB50D5A29D33A4E00B96C74 /* LatestModel.swift */; };
		9FB50D5D29D33BC500B96C74 /* LatestViewModel.swift in Sources */ = {isa = PBXBuildFile; fileRef = 9FB50D5C29D33BC500B96C74 /* LatestViewModel.swift */; };
		9FB50D5F29D34B7800B96C74 /* CategoryScroll.swift in Sources */ = {isa = PBXBuildFile; fileRef = 9FB50D5E29D34B7800B96C74 /* CategoryScroll.swift */; };
		9FB50D6129D3551E00B96C74 /* CategoryModel.swift in Sources */ = {isa = PBXBuildFile; fileRef = 9FB50D6029D3551E00B96C74 /* CategoryModel.swift */; };
		9FD5229B29D5C63400415DF8 /* FinalSaleModel.swift in Sources */ = {isa = PBXBuildFile; fileRef = 9FD5229A29D5C63400415DF8 /* FinalSaleModel.swift */; };
		9FD5229D29D5C7B200415DF8 /* FinalSaleViewModel.swift in Sources */ = {isa = PBXBuildFile; fileRef = 9FD5229C29D5C7B200415DF8 /* FinalSaleViewModel.swift */; };
		9FD5229F29D5CAA800415DF8 /* FinalSaleProduct.swift in Sources */ = {isa = PBXBuildFile; fileRef = 9FD5229E29D5CAA800415DF8 /* FinalSaleProduct.swift */; };
		9FD522A129D5D69200415DF8 /* FinalSaleScroll.swift in Sources */ = {isa = PBXBuildFile; fileRef = 9FD522A029D5D69200415DF8 /* FinalSaleScroll.swift */; };
		9FD522A529D5DB0700415DF8 /* BrandModel.swift in Sources */ = {isa = PBXBuildFile; fileRef = 9FD522A429D5DB0700415DF8 /* BrandModel.swift */; };
		9FD522A729D5DB5A00415DF8 /* BrandScroll.swift in Sources */ = {isa = PBXBuildFile; fileRef = 9FD522A629D5DB5A00415DF8 /* BrandScroll.swift */; };
		9FD522A929D5E44E00415DF8 /* CustomTabBar.swift in Sources */ = {isa = PBXBuildFile; fileRef = 9FD522A829D5E44E00415DF8 /* CustomTabBar.swift */; };
/* End PBXBuildFile section */

/* Begin PBXFileReference section */
		9F4018C729C9EB6200BD78BA /* OnlineShop.app */ = {isa = PBXFileReference; explicitFileType = wrapper.application; includeInIndex = 0; path = OnlineShop.app; sourceTree = BUILT_PRODUCTS_DIR; };
		9F4018CA29C9EB6200BD78BA /* OnlineShopApp.swift */ = {isa = PBXFileReference; lastKnownFileType = sourcecode.swift; path = OnlineShopApp.swift; sourceTree = "<group>"; };
		9F4018CC29C9EB6200BD78BA /* ContentView.swift */ = {isa = PBXFileReference; lastKnownFileType = sourcecode.swift; path = ContentView.swift; sourceTree = "<group>"; };
		9F4018CE29C9EB6300BD78BA /* Assets.xcassets */ = {isa = PBXFileReference; lastKnownFileType = folder.assetcatalog; path = Assets.xcassets; sourceTree = "<group>"; };
		9F4018D129C9EB6300BD78BA /* Preview Assets.xcassets */ = {isa = PBXFileReference; lastKnownFileType = folder.assetcatalog; path = "Preview Assets.xcassets"; sourceTree = "<group>"; };
		9F4018D929C9EBAC00BD78BA /* Montserrat-Regular.ttf */ = {isa = PBXFileReference; lastKnownFileType = file; path = "Montserrat-Regular.ttf"; sourceTree = "<group>"; };
		9F4018DB29C9EBC900BD78BA /* Info.plist */ = {isa = PBXFileReference; lastKnownFileType = text.plist; path = Info.plist; sourceTree = "<group>"; };
		9F4018DC29C9EC5700BD78BA /* UserTextField.swift */ = {isa = PBXFileReference; lastKnownFileType = sourcecode.swift; path = UserTextField.swift; sourceTree = "<group>"; };
		9F4018E229C9F93A00BD78BA /* Montserrat-SemiBold.ttf */ = {isa = PBXFileReference; lastKnownFileType = file; path = "Montserrat-SemiBold.ttf"; sourceTree = "<group>"; };
		9F77ABA029D1FBE700BAFE8A /* PageOne.swift */ = {isa = PBXFileReference; lastKnownFileType = sourcecode.swift; path = PageOne.swift; sourceTree = "<group>"; };
		9F77ABA229D2022D00BAFE8A /* ProfileView.swift */ = {isa = PBXFileReference; lastKnownFileType = sourcecode.swift; path = ProfileView.swift; sourceTree = "<group>"; };
		9F77ABA629D2136900BAFE8A /* ProfileButton.swift */ = {isa = PBXFileReference; lastKnownFileType = sourcecode.swift; path = ProfileButton.swift; sourceTree = "<group>"; };
		9F77ABA829D2176C00BAFE8A /* Montserrat-Bold.ttf */ = {isa = PBXFileReference; lastKnownFileType = file; path = "Montserrat-Bold.ttf"; sourceTree = "<group>"; };
		9F77ABA929D2176C00BAFE8A /* Montserrat-Medium.ttf */ = {isa = PBXFileReference; lastKnownFileType = file; path = "Montserrat-Medium.ttf"; sourceTree = "<group>"; };
		9F7B131A29D47A970001A0DD /* LatestProduct.swift */ = {isa = PBXFileReference; lastKnownFileType = sourcecode.swift; path = LatestProduct.swift; sourceTree = "<group>"; };
		9F7B131C29D4987B0001A0DD /* LatestScroll.swift */ = {isa = PBXFileReference; lastKnownFileType = sourcecode.swift; path = LatestScroll.swift; sourceTree = "<group>"; };
		9FA26AB429CC9DB40097ABD8 /* SignInPage.swift */ = {isa = PBXFileReference; lastKnownFileType = sourcecode.swift; path = SignInPage.swift; sourceTree = "<group>"; };
		9FA26AB629CCA0D70097ABD8 /* AuthenticationLabel.swift */ = {isa = PBXFileReference; lastKnownFileType = sourcecode.swift; path = AuthenticationLabel.swift; sourceTree = "<group>"; };
		9FA26AB829CCA42A0097ABD8 /* WelcomeBackView.swift */ = {isa = PBXFileReference; lastKnownFileType = sourcecode.swift; path = WelcomeBackView.swift; sourceTree = "<group>"; };
		9FB50D5829D30E6D00B96C74 /* NavigationPageOne.swift */ = {isa = PBXFileReference; lastKnownFileType = sourcecode.swift; path = NavigationPageOne.swift; sourceTree = "<group>"; };
		9FB50D5A29D33A4E00B96C74 /* LatestModel.swift */ = {isa = PBXFileReference; lastKnownFileType = sourcecode.swift; path = LatestModel.swift; sourceTree = "<group>"; };
		9FB50D5C29D33BC500B96C74 /* LatestViewModel.swift */ = {isa = PBXFileReference; lastKnownFileType = sourcecode.swift; path = LatestViewModel.swift; sourceTree = "<group>"; };
		9FB50D5E29D34B7800B96C74 /* CategoryScroll.swift */ = {isa = PBXFileReference; lastKnownFileType = sourcecode.swift; path = CategoryScroll.swift; sourceTree = "<group>"; };
		9FB50D6029D3551E00B96C74 /* CategoryModel.swift */ = {isa = PBXFileReference; lastKnownFileType = sourcecode.swift; path = CategoryModel.swift; sourceTree = "<group>"; };
		9FD5229A29D5C63400415DF8 /* FinalSaleModel.swift */ = {isa = PBXFileReference; lastKnownFileType = sourcecode.swift; path = FinalSaleModel.swift; sourceTree = "<group>"; };
		9FD5229C29D5C7B200415DF8 /* FinalSaleViewModel.swift */ = {isa = PBXFileReference; lastKnownFileType = sourcecode.swift; path = FinalSaleViewModel.swift; sourceTree = "<group>"; };
		9FD5229E29D5CAA800415DF8 /* FinalSaleProduct.swift */ = {isa = PBXFileReference; lastKnownFileType = sourcecode.swift; path = FinalSaleProduct.swift; sourceTree = "<group>"; };
		9FD522A029D5D69200415DF8 /* FinalSaleScroll.swift */ = {isa = PBXFileReference; lastKnownFileType = sourcecode.swift; path = FinalSaleScroll.swift; sourceTree = "<group>"; };
		9FD522A429D5DB0700415DF8 /* BrandModel.swift */ = {isa = PBXFileReference; lastKnownFileType = sourcecode.swift; path = BrandModel.swift; sourceTree = "<group>"; };
		9FD522A629D5DB5A00415DF8 /* BrandScroll.swift */ = {isa = PBXFileReference; lastKnownFileType = sourcecode.swift; path = BrandScroll.swift; sourceTree = "<group>"; };
		9FD522A829D5E44E00415DF8 /* CustomTabBar.swift */ = {isa = PBXFileReference; lastKnownFileType = sourcecode.swift; path = CustomTabBar.swift; sourceTree = "<group>"; };
/* End PBXFileReference section */

/* Begin PBXFrameworksBuildPhase section */
		9F4018C429C9EB6200BD78BA /* Frameworks */ = {
			isa = PBXFrameworksBuildPhase;
			buildActionMask = 2147483647;
			files = (
			);
			runOnlyForDeploymentPostprocessing = 0;
		};
/* End PBXFrameworksBuildPhase section */

/* Begin PBXGroup section */
		9F4018BE29C9EB6200BD78BA = {
			isa = PBXGroup;
			children = (
				9F4018C929C9EB6200BD78BA /* OnlineShop */,
				9F4018C829C9EB6200BD78BA /* Products */,
			);
			sourceTree = "<group>";
		};
		9F4018C829C9EB6200BD78BA /* Products */ = {
			isa = PBXGroup;
			children = (
				9F4018C729C9EB6200BD78BA /* OnlineShop.app */,
			);
			name = Products;
			sourceTree = "<group>";
		};
		9F4018C929C9EB6200BD78BA /* OnlineShop */ = {
			isa = PBXGroup;
			children = (
				9F4018DB29C9EBC900BD78BA /* Info.plist */,
				9F4018CA29C9EB6200BD78BA /* OnlineShopApp.swift */,
				9F4018CC29C9EB6200BD78BA /* ContentView.swift */,
				9F7B131929D47A580001A0DD /* PageOne */,
				9FB50D5729D30B0500B96C74 /* Welcome back */,
				9FB50D5629D30ADD00B96C74 /* Sign in */,
				9FB50D5529D30AB400B96C74 /* Profile */,
				9F4018CE29C9EB6300BD78BA /* Assets.xcassets */,
				9F4018D829C9EB7600BD78BA /* Font */,
				9F4018D029C9EB6300BD78BA /* Preview Content */,
			);
			path = OnlineShop;
			sourceTree = "<group>";
		};
		9F4018D029C9EB6300BD78BA /* Preview Content */ = {
			isa = PBXGroup;
			children = (
				9F4018D129C9EB6300BD78BA /* Preview Assets.xcassets */,
			);
			path = "Preview Content";
			sourceTree = "<group>";
		};
		9F4018D829C9EB7600BD78BA /* Font */ = {
			isa = PBXGroup;
			children = (
				9F4018D929C9EBAC00BD78BA /* Montserrat-Regular.ttf */,
				9F4018E229C9F93A00BD78BA /* Montserrat-SemiBold.ttf */,
				9F77ABA829D2176C00BAFE8A /* Montserrat-Bold.ttf */,
				9F77ABA929D2176C00BAFE8A /* Montserrat-Medium.ttf */,
			);
			path = Font;
			sourceTree = "<group>";
		};
		9F7B131929D47A580001A0DD /* PageOne */ = {
			isa = PBXGroup;
			children = (
				9F77ABA029D1FBE700BAFE8A /* PageOne.swift */,
				9FB50D5829D30E6D00B96C74 /* NavigationPageOne.swift */,
				9FD522A829D5E44E00415DF8 /* CustomTabBar.swift */,
				9FD522A329D5DAEB00415DF8 /* Category */,
				9FD522A229D5D94C00415DF8 /* Brands */,
				9FD5229929D5C60D00415DF8 /* FinalSale */,
				9FD5229829D5C5E900415DF8 /* Latest */,
			);
			path = PageOne;
			sourceTree = "<group>";
		};
		9FB50D5529D30AB400B96C74 /* Profile */ = {
			isa = PBXGroup;
			children = (
				9F77ABA229D2022D00BAFE8A /* ProfileView.swift */,
				9F77ABA629D2136900BAFE8A /* ProfileButton.swift */,
			);
			path = Profile;
			sourceTree = "<group>";
		};
		9FB50D5629D30ADD00B96C74 /* Sign in */ = {
			isa = PBXGroup;
			children = (
				9FA26AB429CC9DB40097ABD8 /* SignInPage.swift */,
				9FA26AB629CCA0D70097ABD8 /* AuthenticationLabel.swift */,
			);
			path = "Sign in";
			sourceTree = "<group>";
		};
		9FB50D5729D30B0500B96C74 /* Welcome back */ = {
			isa = PBXGroup;
			children = (
				9FA26AB829CCA42A0097ABD8 /* WelcomeBackView.swift */,
				9F4018DC29C9EC5700BD78BA /* UserTextField.swift */,
			);
			path = "Welcome back";
			sourceTree = "<group>";
		};
		9FD5229829D5C5E900415DF8 /* Latest */ = {
			isa = PBXGroup;
			children = (
				9F7B131C29D4987B0001A0DD /* LatestScroll.swift */,
				9F7B131A29D47A970001A0DD /* LatestProduct.swift */,
				9FB50D5A29D33A4E00B96C74 /* LatestModel.swift */,
				9FB50D5C29D33BC500B96C74 /* LatestViewModel.swift */,
			);
			path = Latest;
			sourceTree = "<group>";
		};
		9FD5229929D5C60D00415DF8 /* FinalSale */ = {
			isa = PBXGroup;
			children = (
				9FD5229A29D5C63400415DF8 /* FinalSaleModel.swift */,
				9FD5229E29D5CAA800415DF8 /* FinalSaleProduct.swift */,
				9FD522A029D5D69200415DF8 /* FinalSaleScroll.swift */,
				9FD5229C29D5C7B200415DF8 /* FinalSaleViewModel.swift */,
			);
			path = FinalSale;
			sourceTree = "<group>";
		};
		9FD522A229D5D94C00415DF8 /* Brands */ = {
			isa = PBXGroup;
			children = (
				9FD522A429D5DB0700415DF8 /* BrandModel.swift */,
				9FD522A629D5DB5A00415DF8 /* BrandScroll.swift */,
			);
			path = Brands;
			sourceTree = "<group>";
		};
		9FD522A329D5DAEB00415DF8 /* Category */ = {
			isa = PBXGroup;
			children = (
				9FB50D5E29D34B7800B96C74 /* CategoryScroll.swift */,
				9FB50D6029D3551E00B96C74 /* CategoryModel.swift */,
			);
			path = Category;
			sourceTree = "<group>";
		};
/* End PBXGroup section */

/* Begin PBXNativeTarget section */
		9F4018C629C9EB6200BD78BA /* OnlineShop */ = {
			isa = PBXNativeTarget;
			buildConfigurationList = 9F4018D529C9EB6300BD78BA /* Build configuration list for PBXNativeTarget "OnlineShop" */;
			buildPhases = (
				9F4018C329C9EB6200BD78BA /* Sources */,
				9F4018C429C9EB6200BD78BA /* Frameworks */,
				9F4018C529C9EB6200BD78BA /* Resources */,
			);
			buildRules = (
			);
			dependencies = (
			);
			name = OnlineShop;
			productName = OnlineShop;
			productReference = 9F4018C729C9EB6200BD78BA /* OnlineShop.app */;
			productType = "com.apple.product-type.application";
		};
/* End PBXNativeTarget section */

/* Begin PBXProject section */
		9F4018BF29C9EB6200BD78BA /* Project object */ = {
			isa = PBXProject;
			attributes = {
				BuildIndependentTargetsInParallel = 1;
				LastSwiftUpdateCheck = 1420;
				LastUpgradeCheck = 1420;
				TargetAttributes = {
					9F4018C629C9EB6200BD78BA = {
						CreatedOnToolsVersion = 14.2;
					};
				};
			};
			buildConfigurationList = 9F4018C229C9EB6200BD78BA /* Build configuration list for PBXProject "OnlineShop" */;
			compatibilityVersion = "Xcode 14.0";
			developmentRegion = en;
			hasScannedForEncodings = 0;
			knownRegions = (
				en,
				Base,
			);
			mainGroup = 9F4018BE29C9EB6200BD78BA;
			productRefGroup = 9F4018C829C9EB6200BD78BA /* Products */;
			projectDirPath = "";
			projectRoot = "";
			targets = (
				9F4018C629C9EB6200BD78BA /* OnlineShop */,
			);
		};
/* End PBXProject section */

/* Begin PBXResourcesBuildPhase section */
		9F4018C529C9EB6200BD78BA /* Resources */ = {
			isa = PBXResourcesBuildPhase;
			buildActionMask = 2147483647;
			files = (
				9F77ABAA29D2176C00BAFE8A /* Montserrat-Bold.ttf in Resources */,
				9F4018E329C9F93A00BD78BA /* Montserrat-SemiBold.ttf in Resources */,
				9F4018DA29C9EBAC00BD78BA /* Montserrat-Regular.ttf in Resources */,
				9F4018D229C9EB6300BD78BA /* Preview Assets.xcassets in Resources */,
				9F77ABAB29D2176C00BAFE8A /* Montserrat-Medium.ttf in Resources */,
				9F4018CF29C9EB6300BD78BA /* Assets.xcassets in Resources */,
			);
			runOnlyForDeploymentPostprocessing = 0;
		};
/* End PBXResourcesBuildPhase section */

/* Begin PBXSourcesBuildPhase section */
		9F4018C329C9EB6200BD78BA /* Sources */ = {
			isa = PBXSourcesBuildPhase;
			buildActionMask = 2147483647;
			files = (
				9FB50D5F29D34B7800B96C74 /* CategoryScroll.swift in Sources */,
				9FD5229F29D5CAA800415DF8 /* FinalSaleProduct.swift in Sources */,
				9F77ABA329D2022D00BAFE8A /* ProfileView.swift in Sources */,
				9FD5229B29D5C63400415DF8 /* FinalSaleModel.swift in Sources */,
				9F77ABA129D1FBE700BAFE8A /* PageOne.swift in Sources */,
				9FD522A929D5E44E00415DF8 /* CustomTabBar.swift in Sources */,
				9FA26AB929CCA42A0097ABD8 /* WelcomeBackView.swift in Sources */,
				9FD522A729D5DB5A00415DF8 /* BrandScroll.swift in Sources */,
				9FD522A529D5DB0700415DF8 /* BrandModel.swift in Sources */,
				9F77ABA729D2136900BAFE8A /* ProfileButton.swift in Sources */,
				9FB50D5929D30E6D00B96C74 /* NavigationPageOne.swift in Sources */,
				9FB50D5D29D33BC500B96C74 /* LatestViewModel.swift in Sources */,
				9F7B131B29D47A970001A0DD /* LatestProduct.swift in Sources */,
				9FD522A129D5D69200415DF8 /* FinalSaleScroll.swift in Sources */,
				9FA26AB529CC9DB40097ABD8 /* SignInPage.swift in Sources */,
				9F7B131D29D4987B0001A0DD /* LatestScroll.swift in Sources */,
				9F4018CD29C9EB6200BD78BA /* ContentView.swift in Sources */,
				9F4018CB29C9EB6200BD78BA /* OnlineShopApp.swift in Sources */,
				9FB50D5B29D33A4E00B96C74 /* LatestModel.swift in Sources */,
				9FD5229D29D5C7B200415DF8 /* FinalSaleViewModel.swift in Sources */,
				9FB50D6129D3551E00B96C74 /* CategoryModel.swift in Sources */,
				9F4018DD29C9EC5700BD78BA /* UserTextField.swift in Sources */,
				9FA26AB729CCA0D70097ABD8 /* AuthenticationLabel.swift in Sources */,
			);
			runOnlyForDeploymentPostprocessing = 0;
		};
/* End PBXSourcesBuildPhase section */

/* Begin XCBuildConfiguration section */
		9F4018D329C9EB6300BD78BA /* Debug */ = {
			isa = XCBuildConfiguration;
			buildSettings = {
				ALWAYS_SEARCH_USER_PATHS = NO;
				CLANG_ANALYZER_NONNULL = YES;
				CLANG_ANALYZER_NUMBER_OBJECT_CONVERSION = YES_AGGRESSIVE;
				CLANG_CXX_LANGUAGE_STANDARD = "gnu++20";
				CLANG_ENABLE_MODULES = YES;
				CLANG_ENABLE_OBJC_ARC = YES;
				CLANG_ENABLE_OBJC_WEAK = YES;
				CLANG_WARN_BLOCK_CAPTURE_AUTORELEASING = YES;
				CLANG_WARN_BOOL_CONVERSION = YES;
				CLANG_WARN_COMMA = YES;
				CLANG_WARN_CONSTANT_CONVERSION = YES;
				CLANG_WARN_DEPRECATED_OBJC_IMPLEMENTATIONS = YES;
				CLANG_WARN_DIRECT_OBJC_ISA_USAGE = YES_ERROR;
				CLANG_WARN_DOCUMENTATION_COMMENTS = YES;
				CLANG_WARN_EMPTY_BODY = YES;
				CLANG_WARN_ENUM_CONVERSION = YES;
				CLANG_WARN_INFINITE_RECURSION = YES;
				CLANG_WARN_INT_CONVERSION = YES;
				CLANG_WARN_NON_LITERAL_NULL_CONVERSION = YES;
				CLANG_WARN_OBJC_IMPLICIT_RETAIN_SELF = YES;
				CLANG_WARN_OBJC_LITERAL_CONVERSION = YES;
				CLANG_WARN_OBJC_ROOT_CLASS = YES_ERROR;
				CLANG_WARN_QUOTED_INCLUDE_IN_FRAMEWORK_HEADER = YES;
				CLANG_WARN_RANGE_LOOP_ANALYSIS = YES;
				CLANG_WARN_STRICT_PROTOTYPES = YES;
				CLANG_WARN_SUSPICIOUS_MOVE = YES;
				CLANG_WARN_UNGUARDED_AVAILABILITY = YES_AGGRESSIVE;
				CLANG_WARN_UNREACHABLE_CODE = YES;
				CLANG_WARN__DUPLICATE_METHOD_MATCH = YES;
				COPY_PHASE_STRIP = NO;
				DEBUG_INFORMATION_FORMAT = dwarf;
				ENABLE_STRICT_OBJC_MSGSEND = YES;
				ENABLE_TESTABILITY = YES;
				GCC_C_LANGUAGE_STANDARD = gnu11;
				GCC_DYNAMIC_NO_PIC = NO;
				GCC_NO_COMMON_BLOCKS = YES;
				GCC_OPTIMIZATION_LEVEL = 0;
				GCC_PREPROCESSOR_DEFINITIONS = (
					"DEBUG=1",
					"$(inherited)",
				);
				GCC_WARN_64_TO_32_BIT_CONVERSION = YES;
				GCC_WARN_ABOUT_RETURN_TYPE = YES_ERROR;
				GCC_WARN_UNDECLARED_SELECTOR = YES;
				GCC_WARN_UNINITIALIZED_AUTOS = YES_AGGRESSIVE;
				GCC_WARN_UNUSED_FUNCTION = YES;
				GCC_WARN_UNUSED_VARIABLE = YES;
				IPHONEOS_DEPLOYMENT_TARGET = 16.2;
				MTL_ENABLE_DEBUG_INFO = INCLUDE_SOURCE;
				MTL_FAST_MATH = YES;
				ONLY_ACTIVE_ARCH = YES;
				SDKROOT = iphoneos;
				SWIFT_ACTIVE_COMPILATION_CONDITIONS = DEBUG;
				SWIFT_OPTIMIZATION_LEVEL = "-Onone";
			};
			name = Debug;
		};
		9F4018D429C9EB6300BD78BA /* Release */ = {
			isa = XCBuildConfiguration;
			buildSettings = {
				ALWAYS_SEARCH_USER_PATHS = NO;
				CLANG_ANALYZER_NONNULL = YES;
				CLANG_ANALYZER_NUMBER_OBJECT_CONVERSION = YES_AGGRESSIVE;
				CLANG_CXX_LANGUAGE_STANDARD = "gnu++20";
				CLANG_ENABLE_MODULES = YES;
				CLANG_ENABLE_OBJC_ARC = YES;
				CLANG_ENABLE_OBJC_WEAK = YES;
				CLANG_WARN_BLOCK_CAPTURE_AUTORELEASING = YES;
				CLANG_WARN_BOOL_CONVERSION = YES;
				CLANG_WARN_COMMA = YES;
				CLANG_WARN_CONSTANT_CONVERSION = YES;
				CLANG_WARN_DEPRECATED_OBJC_IMPLEMENTATIONS = YES;
				CLANG_WARN_DIRECT_OBJC_ISA_USAGE = YES_ERROR;
				CLANG_WARN_DOCUMENTATION_COMMENTS = YES;
				CLANG_WARN_EMPTY_BODY = YES;
				CLANG_WARN_ENUM_CONVERSION = YES;
				CLANG_WARN_INFINITE_RECURSION = YES;
				CLANG_WARN_INT_CONVERSION = YES;
				CLANG_WARN_NON_LITERAL_NULL_CONVERSION = YES;
				CLANG_WARN_OBJC_IMPLICIT_RETAIN_SELF = YES;
				CLANG_WARN_OBJC_LITERAL_CONVERSION = YES;
				CLANG_WARN_OBJC_ROOT_CLASS = YES_ERROR;
				CLANG_WARN_QUOTED_INCLUDE_IN_FRAMEWORK_HEADER = YES;
				CLANG_WARN_RANGE_LOOP_ANALYSIS = YES;
				CLANG_WARN_STRICT_PROTOTYPES = YES;
				CLANG_WARN_SUSPICIOUS_MOVE = YES;
				CLANG_WARN_UNGUARDED_AVAILABILITY = YES_AGGRESSIVE;
				CLANG_WARN_UNREACHABLE_CODE = YES;
				CLANG_WARN__DUPLICATE_METHOD_MATCH = YES;
				COPY_PHASE_STRIP = NO;
				DEBUG_INFORMATION_FORMAT = "dwarf-with-dsym";
				ENABLE_NS_ASSERTIONS = NO;
				ENABLE_STRICT_OBJC_MSGSEND = YES;
				GCC_C_LANGUAGE_STANDARD = gnu11;
				GCC_NO_COMMON_BLOCKS = YES;
				GCC_WARN_64_TO_32_BIT_CONVERSION = YES;
				GCC_WARN_ABOUT_RETURN_TYPE = YES_ERROR;
				GCC_WARN_UNDECLARED_SELECTOR = YES;
				GCC_WARN_UNINITIALIZED_AUTOS = YES_AGGRESSIVE;
				GCC_WARN_UNUSED_FUNCTION = YES;
				GCC_WARN_UNUSED_VARIABLE = YES;
				IPHONEOS_DEPLOYMENT_TARGET = 16.2;
				MTL_ENABLE_DEBUG_INFO = NO;
				MTL_FAST_MATH = YES;
				SDKROOT = iphoneos;
				SWIFT_COMPILATION_MODE = wholemodule;
				SWIFT_OPTIMIZATION_LEVEL = "-O";
				VALIDATE_PRODUCT = YES;
			};
			name = Release;
		};
		9F4018D629C9EB6300BD78BA /* Debug */ = {
			isa = XCBuildConfiguration;
			buildSettings = {
				ASSETCATALOG_COMPILER_APPICON_NAME = AppIcon;
				ASSETCATALOG_COMPILER_GLOBAL_ACCENT_COLOR_NAME = AccentColor;
				CODE_SIGN_STYLE = Automatic;
				CURRENT_PROJECT_VERSION = 1;
				DEVELOPMENT_ASSET_PATHS = "\"OnlineShop/Preview Content\"";
				DEVELOPMENT_TEAM = 2HX4FTCT29;
				ENABLE_PREVIEWS = YES;
				GENERATE_INFOPLIST_FILE = YES;
				INFOPLIST_FILE = OnlineShop/Info.plist;
				INFOPLIST_KEY_LSApplicationCategoryType = "";
				INFOPLIST_KEY_UIApplicationSceneManifest_Generation = YES;
				INFOPLIST_KEY_UIApplicationSupportsIndirectInputEvents = YES;
				INFOPLIST_KEY_UILaunchScreen_Generation = YES;
				INFOPLIST_KEY_UISupportedInterfaceOrientations_iPad = "UIInterfaceOrientationPortrait UIInterfaceOrientationPortraitUpsideDown UIInterfaceOrientationLandscapeLeft UIInterfaceOrientationLandscapeRight";
				INFOPLIST_KEY_UISupportedInterfaceOrientations_iPhone = "UIInterfaceOrientationPortrait UIInterfaceOrientationLandscapeLeft UIInterfaceOrientationLandscapeRight";
				IPHONEOS_DEPLOYMENT_TARGET = 16.0;
				LD_RUNPATH_SEARCH_PATHS = (
					"$(inherited)",
					"@executable_path/Frameworks",
				);
				MARKETING_VERSION = 1.0;
				PRODUCT_BUNDLE_IDENTIFIER = Kovryzhenko.OnlineShop;
				PRODUCT_NAME = "$(TARGET_NAME)";
				SUPPORTED_PLATFORMS = "iphoneos iphonesimulator";
				SUPPORTS_MACCATALYST = NO;
				SUPPORTS_MAC_DESIGNED_FOR_IPHONE_IPAD = NO;
				SWIFT_EMIT_LOC_STRINGS = YES;
				SWIFT_VERSION = 5.0;
				TARGETED_DEVICE_FAMILY = 1;
			};
			name = Debug;
		};
		9F4018D729C9EB6300BD78BA /* Release */ = {
			isa = XCBuildConfiguration;
			buildSettings = {
				ASSETCATALOG_COMPILER_APPICON_NAME = AppIcon;
				ASSETCATALOG_COMPILER_GLOBAL_ACCENT_COLOR_NAME = AccentColor;
				CODE_SIGN_STYLE = Automatic;
				CURRENT_PROJECT_VERSION = 1;
				DEVELOPMENT_ASSET_PATHS = "\"OnlineShop/Preview Content\"";
				DEVELOPMENT_TEAM = 2HX4FTCT29;
				ENABLE_PREVIEWS = YES;
				GENERATE_INFOPLIST_FILE = YES;
				INFOPLIST_FILE = OnlineShop/Info.plist;
				INFOPLIST_KEY_LSApplicationCategoryType = "";
				INFOPLIST_KEY_UIApplicationSceneManifest_Generation = YES;
				INFOPLIST_KEY_UIApplicationSupportsIndirectInputEvents = YES;
				INFOPLIST_KEY_UILaunchScreen_Generation = YES;
				INFOPLIST_KEY_UISupportedInterfaceOrientations_iPad = "UIInterfaceOrientationPortrait UIInterfaceOrientationPortraitUpsideDown UIInterfaceOrientationLandscapeLeft UIInterfaceOrientationLandscapeRight";
				INFOPLIST_KEY_UISupportedInterfaceOrientations_iPhone = "UIInterfaceOrientationPortrait UIInterfaceOrientationLandscapeLeft UIInterfaceOrientationLandscapeRight";
				IPHONEOS_DEPLOYMENT_TARGET = 16.0;
				LD_RUNPATH_SEARCH_PATHS = (
					"$(inherited)",
					"@executable_path/Frameworks",
				);
				MARKETING_VERSION = 1.0;
				PRODUCT_BUNDLE_IDENTIFIER = Kovryzhenko.OnlineShop;
				PRODUCT_NAME = "$(TARGET_NAME)";
				SUPPORTED_PLATFORMS = "iphoneos iphonesimulator";
				SUPPORTS_MACCATALYST = NO;
				SUPPORTS_MAC_DESIGNED_FOR_IPHONE_IPAD = NO;
				SWIFT_EMIT_LOC_STRINGS = YES;
				SWIFT_VERSION = 5.0;
				TARGETED_DEVICE_FAMILY = 1;
			};
			name = Release;
		};
/* End XCBuildConfiguration section */

/* Begin XCConfigurationList section */
		9F4018C229C9EB6200BD78BA /* Build configuration list for PBXProject "OnlineShop" */ = {
			isa = XCConfigurationList;
			buildConfigurations = (
				9F4018D329C9EB6300BD78BA /* Debug */,
				9F4018D429C9EB6300BD78BA /* Release */,
			);
			defaultConfigurationIsVisible = 0;
			defaultConfigurationName = Release;
		};
		9F4018D529C9EB6300BD78BA /* Build configuration list for PBXNativeTarget "OnlineShop" */ = {
			isa = XCConfigurationList;
			buildConfigurations = (
				9F4018D629C9EB6300BD78BA /* Debug */,
				9F4018D729C9EB6300BD78BA /* Release */,
			);
			defaultConfigurationIsVisible = 0;
			defaultConfigurationName = Release;
		};
/* End XCConfigurationList section */
	};
	rootObject = 9F4018BF29C9EB6200BD78BA /* Project object */;
}
